
Microsoft Visual Studio Solution File, Format Version 12.00
# Visual Studio Version 17
VisualStudioVersion = 17.5.33516.290
MinimumVisualStudioVersion = 10.0.40219.1
Project("{8BC9CEB8-8B4A-11D0-8D11-00A0C91BC942}") = "Game", "Game\Game.vcxproj", "{4A455846-DF2F-412C-9664-EB80E8A59ECB}"
	ProjectSection(ProjectDependencies) = postProject
		{A5D06FEC-7FCB-4AF8-B043-6D92D6B99695} = {A5D06FEC-7FCB-4AF8-B043-6D92D6B99695}
	EndProjectSection
EndProject
Project("{8BC9CEB8-8B4A-11D0-8D11-00A0C91BC942}") = "UnitTests", "UnitTests\UnitTests.vcxproj", "{AA8673E6-CA54-4D1F-A7B4-11897948EF94}"
	ProjectSection(ProjectDependencies) = postProject
		{4A455846-DF2F-412C-9664-EB80E8A59ECB} = {4A455846-DF2F-412C-9664-EB80E8A59ECB}
		{A5D06FEC-7FCB-4AF8-B043-6D92D6B99695} = {A5D06FEC-7FCB-4AF8-B043-6D92D6B99695}
	EndProjectSection
EndProject
Project("{8BC9CEB8-8B4A-11D0-8D11-00A0C91BC942}") = "Engine", "Engine\rts.vcxproj", "{A5D06FEC-7FCB-4AF8-B043-6D92D6B99695}"
EndProject
Project("{8BC9CEB8-8B4A-11D0-8D11-00A0C91BC942}") = "Editor", "Editor\Editor.vcxproj", "{4DF9F92F-BAC2-4F21-99E4-B7267DF444B8}"
	ProjectSection(ProjectDependencies) = postProject
		{A5D06FEC-7FCB-4AF8-B043-6D92D6B99695} = {A5D06FEC-7FCB-4AF8-B043-6D92D6B99695}
	EndProjectSection
EndProject
Global
	GlobalSection(SolutionConfigurationPlatforms) = preSolution
		Build_Release|Prospero = Build_Release|Prospero
		Build_Release|x64 = Build_Release|x64
		Debug|Prospero = Debug|Prospero
		Debug|x64 = Debug|x64
		Release|Prospero = Release|Prospero
		Release|x64 = Release|x64
		Steam_Debug|Prospero = Steam_Debug|Prospero
		Steam_Debug|x64 = Steam_Debug|x64
		Steam_Release|Prospero = Steam_Release|Prospero
		Steam_Release|x64 = Steam_Release|x64
	EndGlobalSection
	GlobalSection(ProjectConfigurationPlatforms) = postSolution
		{4A455846-DF2F-412C-9664-EB80E8A59ECB}.Build_Release|Prospero.ActiveCfg = Build_Release|x64
		{4A455846-DF2F-412C-9664-EB80E8A59ECB}.Build_Release|Prospero.Build.0 = Build_Release|x64
		{4A455846-DF2F-412C-9664-EB80E8A59ECB}.Build_Release|x64.ActiveCfg = Build_Release|x64
		{4A455846-DF2F-412C-9664-EB80E8A59ECB}.Build_Release|x64.Build.0 = Build_Release|x64
		{4A455846-DF2F-412C-9664-EB80E8A59ECB}.Debug|Prospero.ActiveCfg = Debug|x64
		{4A455846-DF2F-412C-9664-EB80E8A59ECB}.Debug|Prospero.Build.0 = Debug|x64
		{4A455846-DF2F-412C-9664-EB80E8A59ECB}.Debug|x64.ActiveCfg = Debug|x64
		{4A455846-DF2F-412C-9664-EB80E8A59ECB}.Debug|x64.Build.0 = Debug|x64
		{4A455846-DF2F-412C-9664-EB80E8A59ECB}.Release|Prospero.ActiveCfg = Release|x64
		{4A455846-DF2F-412C-9664-EB80E8A59ECB}.Release|Prospero.Build.0 = Release|x64
		{4A455846-DF2F-412C-9664-EB80E8A59ECB}.Release|x64.ActiveCfg = Release|x64
		{4A455846-DF2F-412C-9664-EB80E8A59ECB}.Release|x64.Build.0 = Release|x64
		{4A455846-DF2F-412C-9664-EB80E8A59ECB}.Steam_Debug|Prospero.ActiveCfg = Steam_Debug|x64
		{4A455846-DF2F-412C-9664-EB80E8A59ECB}.Steam_Debug|Prospero.Build.0 = Steam_Debug|x64
		{4A455846-DF2F-412C-9664-EB80E8A59ECB}.Steam_Debug|x64.ActiveCfg = Steam_Debug|x64
		{4A455846-DF2F-412C-9664-EB80E8A59ECB}.Steam_Debug|x64.Build.0 = Steam_Debug|x64
		{4A455846-DF2F-412C-9664-EB80E8A59ECB}.Steam_Release|Prospero.ActiveCfg = Steam_Release|x64
		{4A455846-DF2F-412C-9664-EB80E8A59ECB}.Steam_Release|Prospero.Build.0 = Steam_Release|x64
		{4A455846-DF2F-412C-9664-EB80E8A59ECB}.Steam_Release|x64.ActiveCfg = Steam_Release|x64
		{4A455846-DF2F-412C-9664-EB80E8A59ECB}.Steam_Release|x64.Build.0 = Steam_Release|x64
		{AA8673E6-CA54-4D1F-A7B4-11897948EF94}.Build_Release|Prospero.ActiveCfg = Build_Release|x64
		{AA8673E6-CA54-4D1F-A7B4-11897948EF94}.Build_Release|Prospero.Build.0 = Build_Release|x64
		{AA8673E6-CA54-4D1F-A7B4-11897948EF94}.Build_Release|x64.ActiveCfg = Build_Release|x64
		{AA8673E6-CA54-4D1F-A7B4-11897948EF94}.Build_Release|x64.Build.0 = Build_Release|x64
		{AA8673E6-CA54-4D1F-A7B4-11897948EF94}.Debug|Prospero.ActiveCfg = Debug|x64
		{AA8673E6-CA54-4D1F-A7B4-11897948EF94}.Debug|Prospero.Build.0 = Debug|x64
		{AA8673E6-CA54-4D1F-A7B4-11897948EF94}.Debug|x64.ActiveCfg = Debug|x64
		{AA8673E6-CA54-4D1F-A7B4-11897948EF94}.Debug|x64.Build.0 = Debug|x64
		{AA8673E6-CA54-4D1F-A7B4-11897948EF94}.Release|Prospero.ActiveCfg = Release|x64
		{AA8673E6-CA54-4D1F-A7B4-11897948EF94}.Release|Prospero.Build.0 = Release|x64
		{AA8673E6-CA54-4D1F-A7B4-11897948EF94}.Release|x64.ActiveCfg = Release|x64
		{AA8673E6-CA54-4D1F-A7B4-11897948EF94}.Release|x64.Build.0 = Release|x64
		{AA8673E6-CA54-4D1F-A7B4-11897948EF94}.Steam_Debug|Prospero.ActiveCfg = Steam_Debug|x64
		{AA8673E6-CA54-4D1F-A7B4-11897948EF94}.Steam_Debug|Prospero.Build.0 = Steam_Debug|x64
		{AA8673E6-CA54-4D1F-A7B4-11897948EF94}.Steam_Debug|x64.ActiveCfg = Steam_Debug|x64
		{AA8673E6-CA54-4D1F-A7B4-11897948EF94}.Steam_Debug|x64.Build.0 = Steam_Debug|x64
		{AA8673E6-CA54-4D1F-A7B4-11897948EF94}.Steam_Release|Prospero.ActiveCfg = Steam_Release|x64
		{AA8673E6-CA54-4D1F-A7B4-11897948EF94}.Steam_Release|Prospero.Build.0 = Steam_Release|x64
		{AA8673E6-CA54-4D1F-A7B4-11897948EF94}.Steam_Release|x64.ActiveCfg = Steam_Release|x64
		{AA8673E6-CA54-4D1F-A7B4-11897948EF94}.Steam_Release|x64.Build.0 = Steam_Release|x64
		{A5D06FEC-7FCB-4AF8-B043-6D92D6B99695}.Build_Release|Prospero.ActiveCfg = Release|Prospero
		{A5D06FEC-7FCB-4AF8-B043-6D92D6B99695}.Build_Release|Prospero.Build.0 = Release|Prospero
		{A5D06FEC-7FCB-4AF8-B043-6D92D6B99695}.Build_Release|x64.ActiveCfg = Build_Release|x64
		{A5D06FEC-7FCB-4AF8-B043-6D92D6B99695}.Build_Release|x64.Build.0 = Build_Release|x64
		{A5D06FEC-7FCB-4AF8-B043-6D92D6B99695}.Debug|Prospero.ActiveCfg = Debug|Prospero
		{A5D06FEC-7FCB-4AF8-B043-6D92D6B99695}.Debug|Prospero.Build.0 = Debug|Prospero
		{A5D06FEC-7FCB-4AF8-B043-6D92D6B99695}.Debug|x64.ActiveCfg = Debug|x64
		{A5D06FEC-7FCB-4AF8-B043-6D92D6B99695}.Debug|x64.Build.0 = Debug|x64
		{A5D06FEC-7FCB-4AF8-B043-6D92D6B99695}.Release|Prospero.ActiveCfg = Release|Prospero
		{A5D06FEC-7FCB-4AF8-B043-6D92D6B99695}.Release|Prospero.Build.0 = Release|Prospero
		{A5D06FEC-7FCB-4AF8-B043-6D92D6B99695}.Release|x64.ActiveCfg = Release|x64
		{A5D06FEC-7FCB-4AF8-B043-6D92D6B99695}.Release|x64.Build.0 = Release|x64
		{A5D06FEC-7FCB-4AF8-B043-6D92D6B99695}.Steam_Debug|Prospero.ActiveCfg = Debug|Prospero
		{A5D06FEC-7FCB-4AF8-B043-6D92D6B99695}.Steam_Debug|Prospero.Build.0 = Debug|Prospero
		{A5D06FEC-7FCB-4AF8-B043-6D92D6B99695}.Steam_Debug|x64.ActiveCfg = Steam_Debug|x64
		{A5D06FEC-7FCB-4AF8-B043-6D92D6B99695}.Steam_Debug|x64.Build.0 = Steam_Debug|x64
		{A5D06FEC-7FCB-4AF8-B043-6D92D6B99695}.Steam_Release|Prospero.ActiveCfg = Release|Prospero
		{A5D06FEC-7FCB-4AF8-B043-6D92D6B99695}.Steam_Release|Prospero.Build.0 = Release|Prospero
		{A5D06FEC-7FCB-4AF8-B043-6D92D6B99695}.Steam_Release|x64.ActiveCfg = Steam_Release|x64
		{A5D06FEC-7FCB-4AF8-B043-6D92D6B99695}.Steam_Release|x64.Build.0 = Steam_Release|x64
		{4DF9F92F-BAC2-4F21-99E4-B7267DF444B8}.Build_Release|Prospero.ActiveCfg = Release|x64
		{4DF9F92F-BAC2-4F21-99E4-B7267DF444B8}.Build_Release|Prospero.Build.0 = Release|x64
		{4DF9F92F-BAC2-4F21-99E4-B7267DF444B8}.Build_Release|x64.ActiveCfg = Release|x64
		{4DF9F92F-BAC2-4F21-99E4-B7267DF444B8}.Build_Release|x64.Build.0 = Release|x64
		{4DF9F92F-BAC2-4F21-99E4-B7267DF444B8}.Debug|Prospero.ActiveCfg = Debug|x64
		{4DF9F92F-BAC2-4F21-99E4-B7267DF444B8}.Debug|Prospero.Build.0 = Debug|x64
		{4DF9F92F-BAC2-4F21-99E4-B7267DF444B8}.Debug|x64.ActiveCfg = Debug|x64
		{4DF9F92F-BAC2-4F21-99E4-B7267DF444B8}.Debug|x64.Build.0 = Debug|x64
		{4DF9F92F-BAC2-4F21-99E4-B7267DF444B8}.Release|Prospero.ActiveCfg = Release|x64
		{4DF9F92F-BAC2-4F21-99E4-B7267DF444B8}.Release|Prospero.Build.0 = Release|x64
		{4DF9F92F-BAC2-4F21-99E4-B7267DF444B8}.Release|x64.ActiveCfg = Release|x64
		{4DF9F92F-BAC2-4F21-99E4-B7267DF444B8}.Release|x64.Build.0 = Release|x64
		{4DF9F92F-BAC2-4F21-99E4-B7267DF444B8}.Steam_Debug|Prospero.ActiveCfg = Debug|x64
		{4DF9F92F-BAC2-4F21-99E4-B7267DF444B8}.Steam_Debug|Prospero.Build.0 = Debug|x64
		{4DF9F92F-BAC2-4F21-99E4-B7267DF444B8}.Steam_Debug|x64.ActiveCfg = Debug|x64
		{4DF9F92F-BAC2-4F21-99E4-B7267DF444B8}.Steam_Debug|x64.Build.0 = Debug|x64
		{4DF9F92F-BAC2-4F21-99E4-B7267DF444B8}.Steam_Release|Prospero.ActiveCfg = Release|x64
		{4DF9F92F-BAC2-4F21-99E4-B7267DF444B8}.Steam_Release|Prospero.Build.0 = Release|x64
		{4DF9F92F-BAC2-4F21-99E4-B7267DF444B8}.Steam_Release|x64.ActiveCfg = Release|x64
		{4DF9F92F-BAC2-4F21-99E4-B7267DF444B8}.Steam_Release|x64.Build.0 = Release|x64
	EndGlobalSection
	GlobalSection(SolutionProperties) = preSolution
		HideSolutionNode = FALSE
	EndGlobalSection
	GlobalSection(ExtensibilityGlobals) = postSolution
		SolutionGuid = {0C7F1DF0-DFEE-4342-80E8-F52AFF3E55F5}
	EndGlobalSection
EndGlobal
